
Microsoft Visual Studio Solution File, Format Version 12.00
# Visual Studio Version 17
VisualStudioVersion = 17.8.34408.163
MinimumVisualStudioVersion = 10.0.40219.1
Project("{8BC9CEB8-8B4A-11D0-8D11-00A0C91BC942}") = "FP3000_PicoW", "FP3000_PicoW.vcxproj", "{DF743D57-C33A-46C4-B66C-256AD3ABFBAA}"
EndProject
Global
	GlobalSection(SolutionConfigurationPlatforms) = preSolution
		Debug|ARM = Debug|ARM
		Debug|ARM64 = Debug|ARM64
		Debug|x64 = Debug|x64
		Debug|x86 = Debug|x86
		Release|ARM = Release|ARM
		Release|ARM64 = Release|ARM64
		Release|x64 = Release|x64
		Release|x86 = Release|x86
	EndGlobalSection
	GlobalSection(ProjectConfigurationPlatforms) = postSolution
		{DF743D57-C33A-46C4-B66C-256AD3ABFBAA}.Debug|ARM.ActiveCfg = Debug|ARM
		{DF743D57-C33A-46C4-B66C-256AD3ABFBAA}.Debug|ARM.Build.0 = Debug|ARM
		{DF743D57-C33A-46C4-B66C-256AD3ABFBAA}.Debug|ARM.Deploy.0 = Debug|ARM
		{DF743D57-C33A-46C4-B66C-256AD3ABFBAA}.Debug|ARM64.ActiveCfg = Debug|ARM64
		{DF743D57-C33A-46C4-B66C-256AD3ABFBAA}.Debug|ARM64.Build.0 = Debug|ARM64
		{DF743D57-C33A-46C4-B66C-256AD3ABFBAA}.Debug|ARM64.Deploy.0 = Debug|ARM64
		{DF743D57-C33A-46C4-B66C-256AD3ABFBAA}.Debug|x64.ActiveCfg = Debug|x64
		{DF743D57-C33A-46C4-B66C-256AD3ABFBAA}.Debug|x64.Build.0 = Debug|x64
		{DF743D57-C33A-46C4-B66C-256AD3ABFBAA}.Debug|x64.Deploy.0 = Debug|x64
		{DF743D57-C33A-46C4-B66C-256AD3ABFBAA}.Debug|x86.ActiveCfg = Debug|x86
		{DF743D57-C33A-46C4-B66C-256AD3ABFBAA}.Debug|x86.Build.0 = Debug|x86
		{DF743D57-C33A-46C4-B66C-256AD3ABFBAA}.Debug|x86.Deploy.0 = Debug|x86
		{DF743D57-C33A-46C4-B66C-256AD3ABFBAA}.Release|ARM.ActiveCfg = Release|ARM
		{DF743D57-C33A-46C4-B66C-256AD3ABFBAA}.Release|ARM.Build.0 = Release|ARM
		{DF743D57-C33A-46C4-B66C-256AD3ABFBAA}.Release|ARM.Deploy.0 = Release|ARM
		{DF743D57-C33A-46C4-B66C-256AD3ABFBAA}.Release|ARM64.ActiveCfg = Release|ARM64
		{DF743D57-C33A-46C4-B66C-256AD3ABFBAA}.Release|ARM64.Build.0 = Release|ARM64
		{DF743D57-C33A-46C4-B66C-256AD3ABFBAA}.Release|ARM64.Deploy.0 = Release|ARM64
		{DF743D57-C33A-46C4-B66C-256AD3ABFBAA}.Release|x64.ActiveCfg = Release|x64
		{DF743D57-C33A-46C4-B66C-256AD3ABFBAA}.Release|x64.Build.0 = Release|x64
		{DF743D57-C33A-46C4-B66C-256AD3ABFBAA}.Release|x64.Deploy.0 = Release|x64
		{DF743D57-C33A-46C4-B66C-256AD3ABFBAA}.Release|x86.ActiveCfg = Release|x86
		{DF743D57-C33A-46C4-B66C-256AD3ABFBAA}.Release|x86.Build.0 = Release|x86
		{DF743D57-C33A-46C4-B66C-256AD3ABFBAA}.Release|x86.Deploy.0 = Release|x86
	EndGlobalSection
	GlobalSection(SolutionProperties) = preSolution
		HideSolutionNode = FALSE
	EndGlobalSection
	GlobalSection(ExtensibilityGlobals) = postSolution
		SolutionGuid = {548826C7-A424-43B6-928B-DB242F1CF1F9}
	EndGlobalSection
EndGlobal
